// !$*UTF8*$!
{
	archiveVersion = 1;
	classes = {
	};
	objectVersion = 50;
	objects = {

/* Begin PBXBuildFile section */
		CD97C4A023B4ACB4003B317B /* AppDelegate.swift in Sources */ = {isa = PBXBuildFile; fileRef = CD97C49F23B4ACB4003B317B /* AppDelegate.swift */; };
		CD97C4A223B4ACB4003B317B /* SceneDelegate.swift in Sources */ = {isa = PBXBuildFile; fileRef = CD97C4A123B4ACB4003B317B /* SceneDelegate.swift */; };
		CD97C4A423B4ACB4003B317B /* ViewController.swift in Sources */ = {isa = PBXBuildFile; fileRef = CD97C4A323B4ACB4003B317B /* ViewController.swift */; };
		CD97C4A723B4ACB4003B317B /* Main.storyboard in Resources */ = {isa = PBXBuildFile; fileRef = CD97C4A523B4ACB4003B317B /* Main.storyboard */; };
		CD97C4A923B4ACB9003B317B /* Assets.xcassets in Resources */ = {isa = PBXBuildFile; fileRef = CD97C4A823B4ACB9003B317B /* Assets.xcassets */; };
		CD97C4AC23B4ACB9003B317B /* LaunchScreen.storyboard in Resources */ = {isa = PBXBuildFile; fileRef = CD97C4AA23B4ACB9003B317B /* LaunchScreen.storyboard */; };
/* End PBXBuildFile section */

/* Begin PBXFileReference section */
		CD97C49C23B4ACB4003B317B /* Test Ship Game.app */ = {isa = PBXFileReference; explicitFileType = wrapper.application; includeInIndex = 0; path = "Test Ship Game.app"; sourceTree = BUILT_PRODUCTS_DIR; };
		CD97C49F23B4ACB4003B317B /* AppDelegate.swift */ = {isa = PBXFileReference; lastKnownFileType = sourcecode.swift; path = AppDelegate.swift; sourceTree = "<group>"; };
		CD97C4A123B4ACB4003B317B /* SceneDelegate.swift */ = {isa = PBXFileReference; lastKnownFileType = sourcecode.swift; path = SceneDelegate.swift; sourceTree = "<group>"; };
		CD97C4A323B4ACB4003B317B /* ViewController.swift */ = {isa = PBXFileReference; lastKnownFileType = sourcecode.swift; path = ViewController.swift; sourceTree = "<group>"; };
		CD97C4A623B4ACB4003B317B /* Base */ = {isa = PBXFileReference; lastKnownFileType = file.storyboard; name = Base; path = Base.lproj/Main.storyboard; sourceTree = "<group>"; };
		CD97C4A823B4ACB9003B317B /* Assets.xcassets */ = {isa = PBXFileReference; lastKnownFileType = folder.assetcatalog; path = Assets.xcassets; sourceTree = "<group>"; };
		CD97C4AB23B4ACB9003B317B /* Base */ = {isa = PBXFileReference; lastKnownFileType = file.storyboard; name = Base; path = Base.lproj/LaunchScreen.storyboard; sourceTree = "<group>"; };
		CD97C4AD23B4ACB9003B317B /* Info.plist */ = {isa = PBXFileReference; lastKnownFileType = text.plist.xml; path = Info.plist; sourceTree = "<group>"; };
/* End PBXFileReference section */

/* Begin PBXFrameworksBuildPhase section */
		CD97C49923B4ACB4003B317B /* Frameworks */ = {
			isa = PBXFrameworksBuildPhase;
			buildActionMask = 2147483647;
			files = (
			);
			runOnlyForDeploymentPostprocessing = 0;
		};
/* End PBXFrameworksBuildPhase section */

/* Begin PBXGroup section */
		CD97C49323B4ACB4003B317B = {
			isa = PBXGroup;
			children = (
				CD97C49E23B4ACB4003B317B /* Test Ship Game */,
				CD97C49D23B4ACB4003B317B /* Products */,
			);
			sourceTree = "<group>";
		};
		CD97C49D23B4ACB4003B317B /* Products */ = {
			isa = PBXGroup;
			children = (
				CD97C49C23B4ACB4003B317B /* Test Ship Game.app */,
			);
			name = Products;
			sourceTree = "<group>";
		};
		CD97C49E23B4ACB4003B317B /* Test Ship Game */ = {
			isa = PBXGroup;
			children = (
				CD97C49F23B4ACB4003B317B /* AppDelegate.swift */,
				CD97C4A123B4ACB4003B317B /* SceneDelegate.swift */,
				CD97C4A323B4ACB4003B317B /* ViewController.swift */,
				CD97C4A523B4ACB4003B317B /* Main.storyboard */,
				CD97C4A823B4ACB9003B317B /* Assets.xcassets */,
				CD97C4AA23B4ACB9003B317B /* LaunchScreen.storyboard */,
				CD97C4AD23B4ACB9003B317B /* Info.plist */,
			);
			path = "Test Ship Game";
			sourceTree = "<group>";
		};
/* End PBXGroup section */

/* Begin PBXNativeTarget section */
		CD97C49B23B4ACB4003B317B /* Test Ship Game */ = {
			isa = PBXNativeTarget;
			buildConfigurationList = CD97C4B023B4ACB9003B317B /* Build configuration list for PBXNativeTarget "Test Ship Game" */;
			buildPhases = (
				CD97C49823B4ACB4003B317B /* Sources */,
				CD97C49923B4ACB4003B317B /* Frameworks */,
				CD97C49A23B4ACB4003B317B /* Resources */,
			);
			buildRules = (
			);
			dependencies = (
			);
			name = "Test Ship Game";
			productName = "Test Ship Game";
			productReference = CD97C49C23B4ACB4003B317B /* Test Ship Game.app */;
			productType = "com.apple.product-type.application";
		};
/* End PBXNativeTarget section */

/* Begin PBXProject section */
		CD97C49423B4ACB4003B317B /* Project object */ = {
			isa = PBXProject;
			attributes = {
				LastSwiftUpdateCheck = 1130;
				LastUpgradeCheck = 1130;
				ORGANIZATIONNAME = "Rhee Family";
				TargetAttributes = {
					CD97C49B23B4ACB4003B317B = {
						CreatedOnToolsVersion = 11.3;
					};
				};
			};
			buildConfigurationList = CD97C49723B4ACB4003B317B /* Build configuration list for PBXProject "Test Ship Game" */;
			compatibilityVersion = "Xcode 9.3";
			developmentRegion = en;
			hasScannedForEncodings = 0;
			knownRegions = (
				en,
				Base,
			);
			mainGroup = CD97C49323B4ACB4003B317B;
			productRefGroup = CD97C49D23B4ACB4003B317B /* Products */;
			projectDirPath = "";
			projectRoot = "";
			targets = (
				CD97C49B23B4ACB4003B317B /* Test Ship Game */,
			);
		};
/* End PBXProject section */

/* Begin PBXResourcesBuildPhase section */
		CD97C49A23B4ACB4003B317B /* Resources */ = {
			isa = PBXResourcesBuildPhase;
			buildActionMask = 2147483647;
			files = (
				CD97C4AC23B4ACB9003B317B /* LaunchScreen.storyboard in Resources */,
				CD97C4A923B4ACB9003B317B /* Assets.xcassets in Resources */,
				CD97C4A723B4ACB4003B317B /* Main.storyboard in Resources */,
			);
			runOnlyForDeploymentPostprocessing = 0;
		};
/* End PBXResourcesBuildPhase section */

/* Begin PBXSourcesBuildPhase section */
		CD97C49823B4ACB4003B317B /* Sources */ = {
			isa = PBXSourcesBuildPhase;
			buildActionMask = 2147483647;
			files = (
				CD97C4A423B4ACB4003B317B /* ViewController.swift in Sources */,
				CD97C4A023B4ACB4003B317B /* AppDelegate.swift in Sources */,
				CD97C4A223B4ACB4003B317B /* SceneDelegate.swift in Sources */,
			);
			runOnlyForDeploymentPostprocessing = 0;
		};
/* End PBXSourcesBuildPhase section */

/* Begin PBXVariantGroup section */
		CD97C4A523B4ACB4003B317B /* Main.storyboard */ = {
			isa = PBXVariantGroup;
			children = (
				CD97C4A623B4ACB4003B317B /* Base */,
			);
			name = Main.storyboard;
			sourceTree = "<group>";
		};
		CD97C4AA23B4ACB9003B317B /* LaunchScreen.storyboard */ = {
			isa = PBXVariantGroup;
			children = (
				CD97C4AB23B4ACB9003B317B /* Base */,
			);
			name = LaunchScreen.storyboard;
			sourceTree = "<group>";
		};
/* End PBXVariantGroup section */

/* Begin XCBuildConfiguration section */
		CD97C4AE23B4ACB9003B317B /* Debug */ = {
			isa = XCBuildConfiguration;
			buildSettings = {
				ALWAYS_SEARCH_USER_PATHS = NO;
				CLANG_ANALYZER_NONNULL = YES;
				CLANG_ANALYZER_NUMBER_OBJECT_CONVERSION = YES_AGGRESSIVE;
				CLANG_CXX_LANGUAGE_STANDARD = "gnu++14";
				CLANG_CXX_LIBRARY = "libc++";
				CLANG_ENABLE_MODULES = YES;
				CLANG_ENABLE_OBJC_ARC = YES;
				CLANG_ENABLE_OBJC_WEAK = YES;
				CLANG_WARN_BLOCK_CAPTURE_AUTORELEASING = YES;
				CLANG_WARN_BOOL_CONVERSION = YES;
				CLANG_WARN_COMMA = YES;
				CLANG_WARN_CONSTANT_CONVERSION = YES;
				CLANG_WARN_DEPRECATED_OBJC_IMPLEMENTATIONS = YES;
				CLANG_WARN_DIRECT_OBJC_ISA_USAGE = YES_ERROR;
				CLANG_WARN_DOCUMENTATION_COMMENTS = YES;
				CLANG_WARN_EMPTY_BODY = YES;
				CLANG_WARN_ENUM_CONVERSION = YES;
				CLANG_WARN_INFINITE_RECURSION = YES;
				CLANG_WARN_INT_CONVERSION = YES;
				CLANG_WARN_NON_LITERAL_NULL_CONVERSION = YES;
				CLANG_WARN_OBJC_IMPLICIT_RETAIN_SELF = YES;
				CLANG_WARN_OBJC_LITERAL_CONVERSION = YES;
				CLANG_WARN_OBJC_ROOT_CLASS = YES_ERROR;
				CLANG_WARN_RANGE_LOOP_ANALYSIS = YES;
				CLANG_WARN_STRICT_PROTOTYPES = YES;
				CLANG_WARN_SUSPICIOUS_MOVE = YES;
				CLANG_WARN_UNGUARDED_AVAILABILITY = YES_AGGRESSIVE;
				CLANG_WARN_UNREACHABLE_CODE = YES;
				CLANG_WARN__DUPLICATE_METHOD_MATCH = YES;
				COPY_PHASE_STRIP = NO;
				DEBUG_INFORMATION_FORMAT = dwarf;
				ENABLE_STRICT_OBJC_MSGSEND = YES;
				ENABLE_TESTABILITY = YES;
				GCC_C_LANGUAGE_STANDARD = gnu11;
				GCC_DYNAMIC_NO_PIC = NO;
				GCC_NO_COMMON_BLOCKS = YES;
				GCC_OPTIMIZATION_LEVEL = 0;
				GCC_PREPROCESSOR_DEFINITIONS = (
					"DEBUG=1",
					"$(inherited)",
				);
				GCC_WARN_64_TO_32_BIT_CONVERSION = YES;
				GCC_WARN_ABOUT_RETURN_TYPE = YES_ERROR;
				GCC_WARN_UNDECLARED_SELECTOR = YES;
				GCC_WARN_UNINITIALIZED_AUTOS = YES_AGGRESSIVE;
				GCC_WARN_UNUSED_FUNCTION = YES;
				GCC_WARN_UNUSED_VARIABLE = YES;
				IPHONEOS_DEPLOYMENT_TARGET = 13.2;
				MTL_ENABLE_DEBUG_INFO = INCLUDE_SOURCE;
				MTL_FAST_MATH = YES;
				ONLY_ACTIVE_ARCH = YES;
				SDKROOT = iphoneos;
				SWIFT_ACTIVE_COMPILATION_CONDITIONS = DEBUG;
				SWIFT_OPTIMIZATION_LEVEL = "-Onone";
			};
			name = Debug;
		};
		CD97C4AF23B4ACB9003B317B /* Release */ = {
			isa = XCBuildConfiguration;
			buildSettings = {
				ALWAYS_SEARCH_USER_PATHS = NO;
				CLANG_ANALYZER_NONNULL = YES;
				CLANG_ANALYZER_NUMBER_OBJECT_CONVERSION = YES_AGGRESSIVE;
				CLANG_CXX_LANGUAGE_STANDARD = "gnu++14";
				CLANG_CXX_LIBRARY = "libc++";
				CLANG_ENABLE_MODULES = YES;
				CLANG_ENABLE_OBJC_ARC = YES;
				CLANG_ENABLE_OBJC_WEAK = YES;
				CLANG_WARN_BLOCK_CAPTURE_AUTORELEASING = YES;
				CLANG_WARN_BOOL_CONVERSION = YES;
				CLANG_WARN_COMMA = YES;
				CLANG_WARN_CONSTANT_CONVERSION = YES;
				CLANG_WARN_DEPRECATED_OBJC_IMPLEMENTATIONS = YES;
				CLANG_WARN_DIRECT_OBJC_ISA_USAGE = YES_ERROR;
				CLANG_WARN_DOCUMENTATION_COMMENTS = YES;
				CLANG_WARN_EMPTY_BODY = YES;
				CLANG_WARN_ENUM_CONVERSION = YES;
				CLANG_WARN_INFINITE_RECURSION = YES;
				CLANG_WARN_INT_CONVERSION = YES;
				CLANG_WARN_NON_LITERAL_NULL_CONVERSION = YES;
				CLANG_WARN_OBJC_IMPLICIT_RETAIN_SELF = YES;
				CLANG_WARN_OBJC_LITERAL_CONVERSION = YES;
				CLANG_WARN_OBJC_ROOT_CLASS = YES_ERROR;
				CLANG_WARN_RANGE_LOOP_ANALYSIS = YES;
				CLANG_WARN_STRICT_PROTOTYPES = YES;
				CLANG_WARN_SUSPICIOUS_MOVE = YES;
				CLANG_WARN_UNGUARDED_AVAILABILITY = YES_AGGRESSIVE;
				CLANG_WARN_UNREACHABLE_CODE = YES;
				CLANG_WARN__DUPLICATE_METHOD_MATCH = YES;
				COPY_PHASE_STRIP = NO;
				DEBUG_INFORMATION_FORMAT = "dwarf-with-dsym";
				ENABLE_NS_ASSERTIONS = NO;
				ENABLE_STRICT_OBJC_MSGSEND = YES;
				GCC_C_LANGUAGE_STANDARD = gnu11;
				GCC_NO_COMMON_BLOCKS = YES;
				GCC_WARN_64_TO_32_BIT_CONVERSION = YES;
				GCC_WARN_ABOUT_RETURN_TYPE = YES_ERROR;
				GCC_WARN_UNDECLARED_SELECTOR = YES;
				GCC_WARN_UNINITIALIZED_AUTOS = YES_AGGRESSIVE;
				GCC_WARN_UNUSED_FUNCTION = YES;
				GCC_WARN_UNUSED_VARIABLE = YES;
				IPHONEOS_DEPLOYMENT_TARGET = 13.2;
				MTL_ENABLE_DEBUG_INFO = NO;
				MTL_FAST_MATH = YES;
				SDKROOT = iphoneos;
				SWIFT_COMPILATION_MODE = wholemodule;
				SWIFT_OPTIMIZATION_LEVEL = "-O";
				VALIDATE_PRODUCT = YES;
			};
			name = Release;
		};
		CD97C4B123B4ACB9003B317B /* Debug */ = {
			isa = XCBuildConfiguration;
			buildSettings = {
				ASSETCATALOG_COMPILER_APPICON_NAME = AppIcon;
				CODE_SIGN_STYLE = Automatic;
				DEVELOPMENT_TEAM = 4EL7ZW3XFM;
				INFOPLIST_FILE = "Test Ship Game/Info.plist";
				LD_RUNPATH_SEARCH_PATHS = (
					"$(inherited)",
					"@executable_path/Frameworks",
				);
				PRODUCT_BUNDLE_IDENTIFIER = "com.rheefam.Test-Ship-Game";
				PRODUCT_NAME = "$(TARGET_NAME)";
				SWIFT_VERSION = 5.0;
				TARGETED_DEVICE_FAMILY = "1,2";
			};
			name = Debug;
		};
		CD97C4B223B4ACB9003B317B /* Release */ = {
			isa = XCBuildConfiguration;
			buildSettings = {
				ASSETCATALOG_COMPILER_APPICON_NAME = AppIcon;
				CODE_SIGN_STYLE = Automatic;
				DEVELOPMENT_TEAM = 4EL7ZW3XFM;
				INFOPLIST_FILE = "Test Ship Game/Info.plist";
				LD_RUNPATH_SEARCH_PATHS = (
					"$(inherited)",
					"@executable_path/Frameworks",
				);
				PRODUCT_BUNDLE_IDENTIFIER = "com.rheefam.Test-Ship-Game";
				PRODUCT_NAME = "$(TARGET_NAME)";
				SWIFT_VERSION = 5.0;
				TARGETED_DEVICE_FAMILY = "1,2";
			};
			name = Release;
		};
/* End XCBuildConfiguration section */

/* Begin XCConfigurationList section */
		CD97C49723B4ACB4003B317B /* Build configuration list for PBXProject "Test Ship Game" */ = {
			isa = XCConfigurationList;
			buildConfigurations = (
				CD97C4AE23B4ACB9003B317B /* Debug */,
				CD97C4AF23B4ACB9003B317B /* Release */,
			);
			defaultConfigurationIsVisible = 0;
			defaultConfigurationName = Release;
		};
		CD97C4B023B4ACB9003B317B /* Build configuration list for PBXNativeTarget "Test Ship Game" */ = {
			isa = XCConfigurationList;
			buildConfigurations = (
				CD97C4B123B4ACB9003B317B /* Debug */,
				CD97C4B223B4ACB9003B317B /* Release */,
			);
			defaultConfigurationIsVisible = 0;
			defaultConfigurationName = Release;
		};
/* End XCConfigurationList section */
	};
	rootObject = CD97C49423B4ACB4003B317B /* Project object */;
}
